// !$*UTF8*$!
{
	archiveVersion = 1;
	classes = {
	};
	objectVersion = 50;
	objects = {

/* Begin PBXBuildFile section */
		524D472922B153F5003504D9 /* AppDelegate.swift in Sources */ = {isa = PBXBuildFile; fileRef = 524D472822B153F5003504D9 /* AppDelegate.swift */; };
		524D472B22B153F5003504D9 /* ViewController.swift in Sources */ = {isa = PBXBuildFile; fileRef = 524D472A22B153F5003504D9 /* ViewController.swift */; };
		524D472E22B153F5003504D9 /* Main.storyboard in Resources */ = {isa = PBXBuildFile; fileRef = 524D472C22B153F5003504D9 /* Main.storyboard */; };
		524D473022B153F5003504D9 /* Assets.xcassets in Resources */ = {isa = PBXBuildFile; fileRef = 524D472F22B153F5003504D9 /* Assets.xcassets */; };
		524D473322B153F5003504D9 /* LaunchScreen.storyboard in Resources */ = {isa = PBXBuildFile; fileRef = 524D473122B153F5003504D9 /* LaunchScreen.storyboard */; };
		524D474422B156CB003504D9 /* Constants.swift in Sources */ = {isa = PBXBuildFile; fileRef = 524D474322B156CB003504D9 /* Constants.swift */; };
		524D475B22B156D4003504D9 /* UICollectionView+.swift in Sources */ = {isa = PBXBuildFile; fileRef = 524D474522B156D3003504D9 /* UICollectionView+.swift */; };
		524D475C22B156D4003504D9 /* Dictionary+.swift in Sources */ = {isa = PBXBuildFile; fileRef = 524D474622B156D3003504D9 /* Dictionary+.swift */; };
		524D475D22B156D4003504D9 /* CGPoint+.swift in Sources */ = {isa = PBXBuildFile; fileRef = 524D474722B156D3003504D9 /* CGPoint+.swift */; };
		524D475E22B156D4003504D9 /* UIImage+.swift in Sources */ = {isa = PBXBuildFile; fileRef = 524D474822B156D3003504D9 /* UIImage+.swift */; };
		524D475F22B156D4003504D9 /* UIScrollView+.swift in Sources */ = {isa = PBXBuildFile; fileRef = 524D474922B156D3003504D9 /* UIScrollView+.swift */; };
		524D476022B156D4003504D9 /* Date+.swift in Sources */ = {isa = PBXBuildFile; fileRef = 524D474A22B156D3003504D9 /* Date+.swift */; };
		524D476122B156D4003504D9 /* Bundle+.swift in Sources */ = {isa = PBXBuildFile; fileRef = 524D474B22B156D3003504D9 /* Bundle+.swift */; };
		524D476222B156D4003504D9 /* CGSize+.swift in Sources */ = {isa = PBXBuildFile; fileRef = 524D474C22B156D3003504D9 /* CGSize+.swift */; };
		524D476322B156D4003504D9 /* UIDevice+.swift in Sources */ = {isa = PBXBuildFile; fileRef = 524D474D22B156D3003504D9 /* UIDevice+.swift */; };
		524D476422B156D4003504D9 /* UIScreen+.swift in Sources */ = {isa = PBXBuildFile; fileRef = 524D474E22B156D3003504D9 /* UIScreen+.swift */; };
		524D476522B156D4003504D9 /* UIView+.swift in Sources */ = {isa = PBXBuildFile; fileRef = 524D474F22B156D4003504D9 /* UIView+.swift */; };
		524D476622B156D4003504D9 /* CGRect+.swift in Sources */ = {isa = PBXBuildFile; fileRef = 524D475022B156D4003504D9 /* CGRect+.swift */; };
		524D476722B156D4003504D9 /* UIColor+.swift in Sources */ = {isa = PBXBuildFile; fileRef = 524D475122B156D4003504D9 /* UIColor+.swift */; };
		524D476822B156D4003504D9 /* UIViewController+.swift in Sources */ = {isa = PBXBuildFile; fileRef = 524D475222B156D4003504D9 /* UIViewController+.swift */; };
		524D476922B156D4003504D9 /* DefaultsKeys+.swift in Sources */ = {isa = PBXBuildFile; fileRef = 524D475322B156D4003504D9 /* DefaultsKeys+.swift */; };
		524D476A22B156D4003504D9 /* UIApplication+.swift in Sources */ = {isa = PBXBuildFile; fileRef = 524D475422B156D4003504D9 /* UIApplication+.swift */; };
		524D476B22B156D4003504D9 /* UITableView+.swift in Sources */ = {isa = PBXBuildFile; fileRef = 524D475522B156D4003504D9 /* UITableView+.swift */; };
		524D476C22B156D4003504D9 /* String+.swift in Sources */ = {isa = PBXBuildFile; fileRef = 524D475622B156D4003504D9 /* String+.swift */; };
		524D476D22B156D4003504D9 /* NSMutableData+.swift in Sources */ = {isa = PBXBuildFile; fileRef = 524D475722B156D4003504D9 /* NSMutableData+.swift */; };
		524D476E22B156D4003504D9 /* Array+.swift in Sources */ = {isa = PBXBuildFile; fileRef = 524D475822B156D4003504D9 /* Array+.swift */; };
		524D476F22B156D4003504D9 /* UIInterfaceOrientationMask+.swift in Sources */ = {isa = PBXBuildFile; fileRef = 524D475922B156D4003504D9 /* UIInterfaceOrientationMask+.swift */; };
		524D477022B156D4003504D9 /* UIStoryboard+.swift in Sources */ = {isa = PBXBuildFile; fileRef = 524D475A22B156D4003504D9 /* UIStoryboard+.swift */; };
		524D477822B15753003504D9 /* NotificationService.swift in Sources */ = {isa = PBXBuildFile; fileRef = 524D477722B15753003504D9 /* NotificationService.swift */; };
		524D477E22B1575A003504D9 /* APIConfigs.swift in Sources */ = {isa = PBXBuildFile; fileRef = 524D477922B1575A003504D9 /* APIConfigs.swift */; };
		524D477F22B1575A003504D9 /* APIService.swift in Sources */ = {isa = PBXBuildFile; fileRef = 524D477A22B1575A003504D9 /* APIService.swift */; };
		524D478022B1575A003504D9 /* BaseRequest.swift in Sources */ = {isa = PBXBuildFile; fileRef = 524D477B22B1575A003504D9 /* BaseRequest.swift */; };
		524D478122B1575A003504D9 /* APIResponse.swift in Sources */ = {isa = PBXBuildFile; fileRef = 524D477C22B1575A003504D9 /* APIResponse.swift */; };
		524D478222B1575A003504D9 /* APIService+Example.swift in Sources */ = {isa = PBXBuildFile; fileRef = 524D477D22B1575A003504D9 /* APIService+Example.swift */; };
		52D591DB22B3AFE80020EF99 /* APIService+Demo.swift in Sources */ = {isa = PBXBuildFile; fileRef = 52D591DA22B3AFE80020EF99 /* APIService+Demo.swift */; };
		52D591DE22B424FC0020EF99 /* RootViewController.swift in Sources */ = {isa = PBXBuildFile; fileRef = 52D591DD22B424FC0020EF99 /* RootViewController.swift */; };
		52D591E122B4287F0020EF99 /* BaseNavigationController.swift in Sources */ = {isa = PBXBuildFile; fileRef = 52D591E022B4287F0020EF99 /* BaseNavigationController.swift */; };
		F9005F60D06D4D41C364853A /* Pods_INC_Care.framework in Frameworks */ = {isa = PBXBuildFile; fileRef = 3AA0B8F17A4C10615D5F474F /* Pods_INC_Care.framework */; };
/* End PBXBuildFile section */

/* Begin PBXFileReference section */
		11A9FE00885E19C20D2E23F1 /* Pods-INC_Care.release.xcconfig */ = {isa = PBXFileReference; includeInIndex = 1; lastKnownFileType = text.xcconfig; name = "Pods-INC_Care.release.xcconfig"; path = "Pods/Target Support Files/Pods-INC_Care/Pods-INC_Care.release.xcconfig"; sourceTree = "<group>"; };
		3AA0B8F17A4C10615D5F474F /* Pods_INC_Care.framework */ = {isa = PBXFileReference; explicitFileType = wrapper.framework; includeInIndex = 0; path = Pods_INC_Care.framework; sourceTree = BUILT_PRODUCTS_DIR; };
		524D472522B153F5003504D9 /* INC_Care.app */ = {isa = PBXFileReference; explicitFileType = wrapper.application; includeInIndex = 0; path = INC_Care.app; sourceTree = BUILT_PRODUCTS_DIR; };
		524D472822B153F5003504D9 /* AppDelegate.swift */ = {isa = PBXFileReference; lastKnownFileType = sourcecode.swift; path = AppDelegate.swift; sourceTree = "<group>"; };
		524D472A22B153F5003504D9 /* ViewController.swift */ = {isa = PBXFileReference; lastKnownFileType = sourcecode.swift; path = ViewController.swift; sourceTree = "<group>"; };
		524D472D22B153F5003504D9 /* Base */ = {isa = PBXFileReference; lastKnownFileType = file.storyboard; name = Base; path = Base.lproj/Main.storyboard; sourceTree = "<group>"; };
		524D472F22B153F5003504D9 /* Assets.xcassets */ = {isa = PBXFileReference; lastKnownFileType = folder.assetcatalog; path = Assets.xcassets; sourceTree = "<group>"; };
		524D473222B153F5003504D9 /* Base */ = {isa = PBXFileReference; lastKnownFileType = file.storyboard; name = Base; path = Base.lproj/LaunchScreen.storyboard; sourceTree = "<group>"; };
		524D473422B153F5003504D9 /* Info.plist */ = {isa = PBXFileReference; lastKnownFileType = text.plist.xml; path = Info.plist; sourceTree = "<group>"; };
		524D474322B156CB003504D9 /* Constants.swift */ = {isa = PBXFileReference; fileEncoding = 4; lastKnownFileType = sourcecode.swift; path = Constants.swift; sourceTree = "<group>"; };
		524D474522B156D3003504D9 /* UICollectionView+.swift */ = {isa = PBXFileReference; fileEncoding = 4; lastKnownFileType = sourcecode.swift; path = "UICollectionView+.swift"; sourceTree = "<group>"; };
		524D474622B156D3003504D9 /* Dictionary+.swift */ = {isa = PBXFileReference; fileEncoding = 4; lastKnownFileType = sourcecode.swift; path = "Dictionary+.swift"; sourceTree = "<group>"; };
		524D474722B156D3003504D9 /* CGPoint+.swift */ = {isa = PBXFileReference; fileEncoding = 4; lastKnownFileType = sourcecode.swift; path = "CGPoint+.swift"; sourceTree = "<group>"; };
		524D474822B156D3003504D9 /* UIImage+.swift */ = {isa = PBXFileReference; fileEncoding = 4; lastKnownFileType = sourcecode.swift; path = "UIImage+.swift"; sourceTree = "<group>"; };
		524D474922B156D3003504D9 /* UIScrollView+.swift */ = {isa = PBXFileReference; fileEncoding = 4; lastKnownFileType = sourcecode.swift; path = "UIScrollView+.swift"; sourceTree = "<group>"; };
		524D474A22B156D3003504D9 /* Date+.swift */ = {isa = PBXFileReference; fileEncoding = 4; lastKnownFileType = sourcecode.swift; path = "Date+.swift"; sourceTree = "<group>"; };
		524D474B22B156D3003504D9 /* Bundle+.swift */ = {isa = PBXFileReference; fileEncoding = 4; lastKnownFileType = sourcecode.swift; path = "Bundle+.swift"; sourceTree = "<group>"; };
		524D474C22B156D3003504D9 /* CGSize+.swift */ = {isa = PBXFileReference; fileEncoding = 4; lastKnownFileType = sourcecode.swift; path = "CGSize+.swift"; sourceTree = "<group>"; };
		524D474D22B156D3003504D9 /* UIDevice+.swift */ = {isa = PBXFileReference; fileEncoding = 4; lastKnownFileType = sourcecode.swift; path = "UIDevice+.swift"; sourceTree = "<group>"; };
		524D474E22B156D3003504D9 /* UIScreen+.swift */ = {isa = PBXFileReference; fileEncoding = 4; lastKnownFileType = sourcecode.swift; path = "UIScreen+.swift"; sourceTree = "<group>"; };
		524D474F22B156D4003504D9 /* UIView+.swift */ = {isa = PBXFileReference; fileEncoding = 4; lastKnownFileType = sourcecode.swift; path = "UIView+.swift"; sourceTree = "<group>"; };
		524D475022B156D4003504D9 /* CGRect+.swift */ = {isa = PBXFileReference; fileEncoding = 4; lastKnownFileType = sourcecode.swift; path = "CGRect+.swift"; sourceTree = "<group>"; };
		524D475122B156D4003504D9 /* UIColor+.swift */ = {isa = PBXFileReference; fileEncoding = 4; lastKnownFileType = sourcecode.swift; path = "UIColor+.swift"; sourceTree = "<group>"; };
		524D475222B156D4003504D9 /* UIViewController+.swift */ = {isa = PBXFileReference; fileEncoding = 4; lastKnownFileType = sourcecode.swift; path = "UIViewController+.swift"; sourceTree = "<group>"; };
		524D475322B156D4003504D9 /* DefaultsKeys+.swift */ = {isa = PBXFileReference; fileEncoding = 4; lastKnownFileType = sourcecode.swift; path = "DefaultsKeys+.swift"; sourceTree = "<group>"; };
		524D475422B156D4003504D9 /* UIApplication+.swift */ = {isa = PBXFileReference; fileEncoding = 4; lastKnownFileType = sourcecode.swift; path = "UIApplication+.swift"; sourceTree = "<group>"; };
		524D475522B156D4003504D9 /* UITableView+.swift */ = {isa = PBXFileReference; fileEncoding = 4; lastKnownFileType = sourcecode.swift; path = "UITableView+.swift"; sourceTree = "<group>"; };
		524D475622B156D4003504D9 /* String+.swift */ = {isa = PBXFileReference; fileEncoding = 4; lastKnownFileType = sourcecode.swift; path = "String+.swift"; sourceTree = "<group>"; };
		524D475722B156D4003504D9 /* NSMutableData+.swift */ = {isa = PBXFileReference; fileEncoding = 4; lastKnownFileType = sourcecode.swift; path = "NSMutableData+.swift"; sourceTree = "<group>"; };
		524D475822B156D4003504D9 /* Array+.swift */ = {isa = PBXFileReference; fileEncoding = 4; lastKnownFileType = sourcecode.swift; path = "Array+.swift"; sourceTree = "<group>"; };
		524D475922B156D4003504D9 /* UIInterfaceOrientationMask+.swift */ = {isa = PBXFileReference; fileEncoding = 4; lastKnownFileType = sourcecode.swift; path = "UIInterfaceOrientationMask+.swift"; sourceTree = "<group>"; };
		524D475A22B156D4003504D9 /* UIStoryboard+.swift */ = {isa = PBXFileReference; fileEncoding = 4; lastKnownFileType = sourcecode.swift; path = "UIStoryboard+.swift"; sourceTree = "<group>"; };
		524D477722B15753003504D9 /* NotificationService.swift */ = {isa = PBXFileReference; fileEncoding = 4; lastKnownFileType = sourcecode.swift; path = NotificationService.swift; sourceTree = "<group>"; };
		524D477922B1575A003504D9 /* APIConfigs.swift */ = {isa = PBXFileReference; fileEncoding = 4; lastKnownFileType = sourcecode.swift; path = APIConfigs.swift; sourceTree = "<group>"; };
		524D477A22B1575A003504D9 /* APIService.swift */ = {isa = PBXFileReference; fileEncoding = 4; lastKnownFileType = sourcecode.swift; path = APIService.swift; sourceTree = "<group>"; };
		524D477B22B1575A003504D9 /* BaseRequest.swift */ = {isa = PBXFileReference; fileEncoding = 4; lastKnownFileType = sourcecode.swift; path = BaseRequest.swift; sourceTree = "<group>"; };
		524D477C22B1575A003504D9 /* APIResponse.swift */ = {isa = PBXFileReference; fileEncoding = 4; lastKnownFileType = sourcecode.swift; path = APIResponse.swift; sourceTree = "<group>"; };
		524D477D22B1575A003504D9 /* APIService+Example.swift */ = {isa = PBXFileReference; fileEncoding = 4; lastKnownFileType = sourcecode.swift; path = "APIService+Example.swift"; sourceTree = "<group>"; };
		52D591D922B342E80020EF99 /* INC_Care.entitlements */ = {isa = PBXFileReference; lastKnownFileType = text.plist.entitlements; path = INC_Care.entitlements; sourceTree = "<group>"; };
		52D591DA22B3AFE80020EF99 /* APIService+Demo.swift */ = {isa = PBXFileReference; lastKnownFileType = sourcecode.swift; path = "APIService+Demo.swift"; sourceTree = "<group>"; };
		52D591DD22B424FC0020EF99 /* RootViewController.swift */ = {isa = PBXFileReference; lastKnownFileType = sourcecode.swift; path = RootViewController.swift; sourceTree = "<group>"; };
		52D591E022B4287F0020EF99 /* BaseNavigationController.swift */ = {isa = PBXFileReference; lastKnownFileType = sourcecode.swift; path = BaseNavigationController.swift; sourceTree = "<group>"; };
		E4A53AD5377903B9387A3210 /* Pods-INC_Care.debug.xcconfig */ = {isa = PBXFileReference; includeInIndex = 1; lastKnownFileType = text.xcconfig; name = "Pods-INC_Care.debug.xcconfig"; path = "Pods/Target Support Files/Pods-INC_Care/Pods-INC_Care.debug.xcconfig"; sourceTree = "<group>"; };
/* End PBXFileReference section */

/* Begin PBXFrameworksBuildPhase section */
		524D472222B153F5003504D9 /* Frameworks */ = {
			isa = PBXFrameworksBuildPhase;
			buildActionMask = 2147483647;
			files = (
				F9005F60D06D4D41C364853A /* Pods_INC_Care.framework in Frameworks */,
			);
			runOnlyForDeploymentPostprocessing = 0;
		};
/* End PBXFrameworksBuildPhase section */

/* Begin PBXGroup section */
		06F79B5BE7271C80AC7D7E26 /* Pods */ = {
			isa = PBXGroup;
			children = (
				E4A53AD5377903B9387A3210 /* Pods-INC_Care.debug.xcconfig */,
				11A9FE00885E19C20D2E23F1 /* Pods-INC_Care.release.xcconfig */,
			);
			name = Pods;
			sourceTree = "<group>";
		};
		4DF908417D3B9FF9B39E999A /* Frameworks */ = {
			isa = PBXGroup;
			children = (
				3AA0B8F17A4C10615D5F474F /* Pods_INC_Care.framework */,
			);
			name = Frameworks;
			sourceTree = "<group>";
		};
		524D471C22B153F4003504D9 = {
			isa = PBXGroup;
			children = (
				524D472722B153F5003504D9 /* INC_Care */,
				524D472622B153F5003504D9 /* Products */,
				06F79B5BE7271C80AC7D7E26 /* Pods */,
				4DF908417D3B9FF9B39E999A /* Frameworks */,
			);
			sourceTree = "<group>";
		};
		524D472622B153F5003504D9 /* Products */ = {
			isa = PBXGroup;
			children = (
				524D472522B153F5003504D9 /* INC_Care.app */,
			);
			name = Products;
			sourceTree = "<group>";
		};
		524D472722B153F5003504D9 /* INC_Care */ = {
			isa = PBXGroup;
			children = (
				52D591D922B342E80020EF99 /* INC_Care.entitlements */,
				524D473A22B15534003504D9 /* Classes */,
				524D472C22B153F5003504D9 /* Main.storyboard */,
				524D472F22B153F5003504D9 /* Assets.xcassets */,
				524D473122B153F5003504D9 /* LaunchScreen.storyboard */,
				524D473422B153F5003504D9 /* Info.plist */,
			);
			path = INC_Care;
			sourceTree = "<group>";
		};
		524D473A22B15534003504D9 /* Classes */ = {
			isa = PBXGroup;
			children = (
				524D474022B155A3003504D9 /* AppDelegate */,
				524D473C22B15560003504D9 /* Services */,
				524D473D22B1556A003504D9 /* Helpers */,
				524D473B22B15542003504D9 /* Models */,
				524D473E22B15572003504D9 /* ViewModels */,
				524D473F22B15590003504D9 /* ViewControllers */,
			);
			path = Classes;
			sourceTree = "<group>";
		};
		524D473B22B15542003504D9 /* Models */ = {
			isa = PBXGroup;
			children = (
			);
			path = Models;
			sourceTree = "<group>";
		};
		524D473C22B15560003504D9 /* Services */ = {
			isa = PBXGroup;
			children = (
				524D477622B1571A003504D9 /* NotificationService */,
				524D477522B15708003504D9 /* APIService */,
			);
			path = Services;
			sourceTree = "<group>";
		};
		524D473D22B1556A003504D9 /* Helpers */ = {
			isa = PBXGroup;
			children = (
				524D474222B155E0003504D9 /* Constans */,
				524D474122B155D4003504D9 /* Extensions */,
			);
			path = Helpers;
			sourceTree = "<group>";
		};
		524D473E22B15572003504D9 /* ViewModels */ = {
			isa = PBXGroup;
			children = (
			);
			path = ViewModels;
			sourceTree = "<group>";
		};
		524D473F22B15590003504D9 /* ViewControllers */ = {
			isa = PBXGroup;
			children = (
				52D591DF22B4282C0020EF99 /* Base */,
				52D591DC22B41DDF0020EF99 /* Tab1 */,
				524D472A22B153F5003504D9 /* ViewController.swift */,
				52D591DD22B424FC0020EF99 /* RootViewController.swift */,
			);
			path = ViewControllers;
			sourceTree = "<group>";
		};
		524D474022B155A3003504D9 /* AppDelegate */ = {
			isa = PBXGroup;
			children = (
				524D472822B153F5003504D9 /* AppDelegate.swift */,
			);
			path = AppDelegate;
			sourceTree = "<group>";
		};
		524D474122B155D4003504D9 /* Extensions */ = {
			isa = PBXGroup;
			children = (
				524D475822B156D4003504D9 /* Array+.swift */,
				524D474B22B156D3003504D9 /* Bundle+.swift */,
				524D474722B156D3003504D9 /* CGPoint+.swift */,
				524D475022B156D4003504D9 /* CGRect+.swift */,
				524D474C22B156D3003504D9 /* CGSize+.swift */,
				524D474A22B156D3003504D9 /* Date+.swift */,
				524D475322B156D4003504D9 /* DefaultsKeys+.swift */,
				524D474622B156D3003504D9 /* Dictionary+.swift */,
				524D475722B156D4003504D9 /* NSMutableData+.swift */,
				524D475622B156D4003504D9 /* String+.swift */,
				524D475422B156D4003504D9 /* UIApplication+.swift */,
				524D474522B156D3003504D9 /* UICollectionView+.swift */,
				524D475122B156D4003504D9 /* UIColor+.swift */,
				524D474D22B156D3003504D9 /* UIDevice+.swift */,
				524D474822B156D3003504D9 /* UIImage+.swift */,
				524D475922B156D4003504D9 /* UIInterfaceOrientationMask+.swift */,
				524D474E22B156D3003504D9 /* UIScreen+.swift */,
				524D474922B156D3003504D9 /* UIScrollView+.swift */,
				524D475A22B156D4003504D9 /* UIStoryboard+.swift */,
				524D475522B156D4003504D9 /* UITableView+.swift */,
				524D474F22B156D4003504D9 /* UIView+.swift */,
				524D475222B156D4003504D9 /* UIViewController+.swift */,
			);
			path = Extensions;
			sourceTree = "<group>";
		};
		524D474222B155E0003504D9 /* Constans */ = {
			isa = PBXGroup;
			children = (
				524D474322B156CB003504D9 /* Constants.swift */,
			);
			path = Constans;
			sourceTree = "<group>";
		};
		524D477522B15708003504D9 /* APIService */ = {
			isa = PBXGroup;
			children = (
				524D477922B1575A003504D9 /* APIConfigs.swift */,
				524D477C22B1575A003504D9 /* APIResponse.swift */,
				524D477A22B1575A003504D9 /* APIService.swift */,
				524D477B22B1575A003504D9 /* BaseRequest.swift */,
				524D477D22B1575A003504D9 /* APIService+Example.swift */,
				52D591DA22B3AFE80020EF99 /* APIService+Demo.swift */,
			);
			path = APIService;
			sourceTree = "<group>";
		};
		524D477622B1571A003504D9 /* NotificationService */ = {
			isa = PBXGroup;
			children = (
				524D477722B15753003504D9 /* NotificationService.swift */,
			);
			path = NotificationService;
			sourceTree = "<group>";
		};
		52D591DC22B41DDF0020EF99 /* Tab1 */ = {
			isa = PBXGroup;
			children = (
			);
			path = Tab1;
			sourceTree = "<group>";
		};
		52D591DF22B4282C0020EF99 /* Base */ = {
			isa = PBXGroup;
			children = (
				52D591E022B4287F0020EF99 /* BaseNavigationController.swift */,
			);
			path = Base;
			sourceTree = "<group>";
		};
/* End PBXGroup section */

/* Begin PBXNativeTarget section */
		524D472422B153F5003504D9 /* INC_Care */ = {
			isa = PBXNativeTarget;
			buildConfigurationList = 524D473722B153F5003504D9 /* Build configuration list for PBXNativeTarget "INC_Care" */;
			buildPhases = (
				0F4C4199C63A38CE93A2348D /* [CP] Check Pods Manifest.lock */,
				524D472122B153F5003504D9 /* Sources */,
				524D472222B153F5003504D9 /* Frameworks */,
				524D472322B153F5003504D9 /* Resources */,
				FF8D1465A423066C04E6DAB5 /* [CP] Embed Pods Frameworks */,
			);
			buildRules = (
			);
			dependencies = (
			);
			name = INC_Care;
			productName = INC_Care;
			productReference = 524D472522B153F5003504D9 /* INC_Care.app */;
			productType = "com.apple.product-type.application";
		};
/* End PBXNativeTarget section */

/* Begin PBXProject section */
		524D471D22B153F4003504D9 /* Project object */ = {
			isa = PBXProject;
			attributes = {
				LastSwiftUpdateCheck = 1020;
				LastUpgradeCheck = 1020;
				ORGANIZATIONNAME = Boogeymen;
				TargetAttributes = {
					524D472422B153F5003504D9 = {
						CreatedOnToolsVersion = 10.2.1;
						SystemCapabilities = {
							com.apple.Push = {
								enabled = 1;
							};
						};
					};
				};
			};
			buildConfigurationList = 524D472022B153F4003504D9 /* Build configuration list for PBXProject "INC_Care" */;
			compatibilityVersion = "Xcode 9.3";
			developmentRegion = en;
			hasScannedForEncodings = 0;
			knownRegions = (
				en,
				Base,
			);
			mainGroup = 524D471C22B153F4003504D9;
			productRefGroup = 524D472622B153F5003504D9 /* Products */;
			projectDirPath = "";
			projectRoot = "";
			targets = (
				524D472422B153F5003504D9 /* INC_Care */,
			);
		};
/* End PBXProject section */

/* Begin PBXResourcesBuildPhase section */
		524D472322B153F5003504D9 /* Resources */ = {
			isa = PBXResourcesBuildPhase;
			buildActionMask = 2147483647;
			files = (
				524D473322B153F5003504D9 /* LaunchScreen.storyboard in Resources */,
				524D473022B153F5003504D9 /* Assets.xcassets in Resources */,
				524D472E22B153F5003504D9 /* Main.storyboard in Resources */,
			);
			runOnlyForDeploymentPostprocessing = 0;
		};
/* End PBXResourcesBuildPhase section */

/* Begin PBXShellScriptBuildPhase section */
		0F4C4199C63A38CE93A2348D /* [CP] Check Pods Manifest.lock */ = {
			isa = PBXShellScriptBuildPhase;
			buildActionMask = 2147483647;
			files = (
			);
			inputPaths = (
				"${PODS_PODFILE_DIR_PATH}/Podfile.lock",
				"${PODS_ROOT}/Manifest.lock",
			);
			name = "[CP] Check Pods Manifest.lock";
			outputPaths = (
				"$(DERIVED_FILE_DIR)/Pods-INC_Care-checkManifestLockResult.txt",
			);
			runOnlyForDeploymentPostprocessing = 0;
			shellPath = /bin/sh;
			shellScript = "diff \"${PODS_PODFILE_DIR_PATH}/Podfile.lock\" \"${PODS_ROOT}/Manifest.lock\" > /dev/null\nif [ $? != 0 ] ; then\n    # print error to STDERR\n    echo \"error: The sandbox is not in sync with the Podfile.lock. Run 'pod install' or update your CocoaPods installation.\" >&2\n    exit 1\nfi\n# This output is used by Xcode 'outputs' to avoid re-running this script phase.\necho \"SUCCESS\" > \"${SCRIPT_OUTPUT_FILE_0}\"\n";
			showEnvVarsInLog = 0;
		};
		FF8D1465A423066C04E6DAB5 /* [CP] Embed Pods Frameworks */ = {
			isa = PBXShellScriptBuildPhase;
			buildActionMask = 2147483647;
			files = (
			);
			inputPaths = (
				"${SRCROOT}/Pods/Target Support Files/Pods-INC_Care/Pods-INC_Care-frameworks.sh",
				"${BUILT_PRODUCTS_DIR}/Alamofire/Alamofire.framework",
				"${BUILT_PRODUCTS_DIR}/DACircularProgress/DACircularProgress.framework",
				"${BUILT_PRODUCTS_DIR}/IDMPhotoBrowser/IDMPhotoBrowser.framework",
				"${BUILT_PRODUCTS_DIR}/IQKeyboardManagerSwift/IQKeyboardManagerSwift.framework",
				"${BUILT_PRODUCTS_DIR}/KYDrawerController/KYDrawerController.framework",
				"${BUILT_PRODUCTS_DIR}/RxAlamofire/RxAlamofire.framework",
				"${BUILT_PRODUCTS_DIR}/RxCocoa/RxCocoa.framework",
				"${BUILT_PRODUCTS_DIR}/RxSwift/RxSwift.framework",
				"${BUILT_PRODUCTS_DIR}/SDWebImage/SDWebImage.framework",
				"${BUILT_PRODUCTS_DIR}/SVProgressHUD/SVProgressHUD.framework",
				"${BUILT_PRODUCTS_DIR}/SnapKit/SnapKit.framework",
				"${BUILT_PRODUCTS_DIR}/SwiftyJSON/SwiftyJSON.framework",
				"${BUILT_PRODUCTS_DIR}/SwiftyUserDefaults/SwiftyUserDefaults.framework",
				"${BUILT_PRODUCTS_DIR}/pop/pop.framework",
			);
			name = "[CP] Embed Pods Frameworks";
			outputPaths = (
				"${TARGET_BUILD_DIR}/${FRAMEWORKS_FOLDER_PATH}/Alamofire.framework",
				"${TARGET_BUILD_DIR}/${FRAMEWORKS_FOLDER_PATH}/DACircularProgress.framework",
				"${TARGET_BUILD_DIR}/${FRAMEWORKS_FOLDER_PATH}/IDMPhotoBrowser.framework",
				"${TARGET_BUILD_DIR}/${FRAMEWORKS_FOLDER_PATH}/IQKeyboardManagerSwift.framework",
				"${TARGET_BUILD_DIR}/${FRAMEWORKS_FOLDER_PATH}/KYDrawerController.framework",
				"${TARGET_BUILD_DIR}/${FRAMEWORKS_FOLDER_PATH}/RxAlamofire.framework",
				"${TARGET_BUILD_DIR}/${FRAMEWORKS_FOLDER_PATH}/RxCocoa.framework",
				"${TARGET_BUILD_DIR}/${FRAMEWORKS_FOLDER_PATH}/RxSwift.framework",
				"${TARGET_BUILD_DIR}/${FRAMEWORKS_FOLDER_PATH}/SDWebImage.framework",
				"${TARGET_BUILD_DIR}/${FRAMEWORKS_FOLDER_PATH}/SVProgressHUD.framework",
				"${TARGET_BUILD_DIR}/${FRAMEWORKS_FOLDER_PATH}/SnapKit.framework",
				"${TARGET_BUILD_DIR}/${FRAMEWORKS_FOLDER_PATH}/SwiftyJSON.framework",
				"${TARGET_BUILD_DIR}/${FRAMEWORKS_FOLDER_PATH}/SwiftyUserDefaults.framework",
				"${TARGET_BUILD_DIR}/${FRAMEWORKS_FOLDER_PATH}/pop.framework",
			);
			runOnlyForDeploymentPostprocessing = 0;
			shellPath = /bin/sh;
			shellScript = "\"${SRCROOT}/Pods/Target Support Files/Pods-INC_Care/Pods-INC_Care-frameworks.sh\"\n";
			showEnvVarsInLog = 0;
		};
/* End PBXShellScriptBuildPhase section */

/* Begin PBXSourcesBuildPhase section */
		524D472122B153F5003504D9 /* Sources */ = {
			isa = PBXSourcesBuildPhase;
			buildActionMask = 2147483647;
			files = (
				524D476022B156D4003504D9 /* Date+.swift in Sources */,
				524D476722B156D4003504D9 /* UIColor+.swift in Sources */,
				524D477822B15753003504D9 /* NotificationService.swift in Sources */,
				524D478222B1575A003504D9 /* APIService+Example.swift in Sources */,
				524D476E22B156D4003504D9 /* Array+.swift in Sources */,
				524D476422B156D4003504D9 /* UIScreen+.swift in Sources */,
				524D476522B156D4003504D9 /* UIView+.swift in Sources */,
				524D477022B156D4003504D9 /* UIStoryboard+.swift in Sources */,
				524D472B22B153F5003504D9 /* ViewController.swift in Sources */,
				524D476222B156D4003504D9 /* CGSize+.swift in Sources */,
				524D476822B156D4003504D9 /* UIViewController+.swift in Sources */,
				52D591DB22B3AFE80020EF99 /* APIService+Demo.swift in Sources */,
				524D475F22B156D4003504D9 /* UIScrollView+.swift in Sources */,
				524D475E22B156D4003504D9 /* UIImage+.swift in Sources */,
				52D591E122B4287F0020EF99 /* BaseNavigationController.swift in Sources */,
				52D591DE22B424FC0020EF99 /* RootViewController.swift in Sources */,
				524D476F22B156D4003504D9 /* UIInterfaceOrientationMask+.swift in Sources */,
				524D475C22B156D4003504D9 /* Dictionary+.swift in Sources */,
				524D475D22B156D4003504D9 /* CGPoint+.swift in Sources */,
				524D478022B1575A003504D9 /* BaseRequest.swift in Sources */,
				524D476322B156D4003504D9 /* UIDevice+.swift in Sources */,
				524D477E22B1575A003504D9 /* APIConfigs.swift in Sources */,
				524D472922B153F5003504D9 /* AppDelegate.swift in Sources */,
				524D476B22B156D4003504D9 /* UITableView+.swift in Sources */,
				524D475B22B156D4003504D9 /* UICollectionView+.swift in Sources */,
				524D476A22B156D4003504D9 /* UIApplication+.swift in Sources */,
				524D474422B156CB003504D9 /* Constants.swift in Sources */,
				524D478122B1575A003504D9 /* APIResponse.swift in Sources */,
				524D477F22B1575A003504D9 /* APIService.swift in Sources */,
				524D476922B156D4003504D9 /* DefaultsKeys+.swift in Sources */,
				524D476122B156D4003504D9 /* Bundle+.swift in Sources */,
				524D476C22B156D4003504D9 /* String+.swift in Sources */,
				524D476622B156D4003504D9 /* CGRect+.swift in Sources */,
				524D476D22B156D4003504D9 /* NSMutableData+.swift in Sources */,
			);
			runOnlyForDeploymentPostprocessing = 0;
		};
/* End PBXSourcesBuildPhase section */

/* Begin PBXVariantGroup section */
		524D472C22B153F5003504D9 /* Main.storyboard */ = {
			isa = PBXVariantGroup;
			children = (
				524D472D22B153F5003504D9 /* Base */,
			);
			name = Main.storyboard;
			sourceTree = "<group>";
		};
		524D473122B153F5003504D9 /* LaunchScreen.storyboard */ = {
			isa = PBXVariantGroup;
			children = (
				524D473222B153F5003504D9 /* Base */,
			);
			name = LaunchScreen.storyboard;
			sourceTree = "<group>";
		};
/* End PBXVariantGroup section */

/* Begin XCBuildConfiguration section */
		524D473522B153F5003504D9 /* Debug */ = {
			isa = XCBuildConfiguration;
			buildSettings = {
				ALWAYS_SEARCH_USER_PATHS = NO;
				CLANG_ANALYZER_NONNULL = YES;
				CLANG_ANALYZER_NUMBER_OBJECT_CONVERSION = YES_AGGRESSIVE;
				CLANG_CXX_LANGUAGE_STANDARD = "gnu++14";
				CLANG_CXX_LIBRARY = "libc++";
				CLANG_ENABLE_MODULES = YES;
				CLANG_ENABLE_OBJC_ARC = YES;
				CLANG_ENABLE_OBJC_WEAK = YES;
				CLANG_WARN_BLOCK_CAPTURE_AUTORELEASING = YES;
				CLANG_WARN_BOOL_CONVERSION = YES;
				CLANG_WARN_COMMA = YES;
				CLANG_WARN_CONSTANT_CONVERSION = YES;
				CLANG_WARN_DEPRECATED_OBJC_IMPLEMENTATIONS = YES;
				CLANG_WARN_DIRECT_OBJC_ISA_USAGE = YES_ERROR;
				CLANG_WARN_DOCUMENTATION_COMMENTS = YES;
				CLANG_WARN_EMPTY_BODY = YES;
				CLANG_WARN_ENUM_CONVERSION = YES;
				CLANG_WARN_INFINITE_RECURSION = YES;
				CLANG_WARN_INT_CONVERSION = YES;
				CLANG_WARN_NON_LITERAL_NULL_CONVERSION = YES;
				CLANG_WARN_OBJC_IMPLICIT_RETAIN_SELF = YES;
				CLANG_WARN_OBJC_LITERAL_CONVERSION = YES;
				CLANG_WARN_OBJC_ROOT_CLASS = YES_ERROR;
				CLANG_WARN_RANGE_LOOP_ANALYSIS = YES;
				CLANG_WARN_STRICT_PROTOTYPES = YES;
				CLANG_WARN_SUSPICIOUS_MOVE = YES;
				CLANG_WARN_UNGUARDED_AVAILABILITY = YES_AGGRESSIVE;
				CLANG_WARN_UNREACHABLE_CODE = YES;
				CLANG_WARN__DUPLICATE_METHOD_MATCH = YES;
				CODE_SIGN_IDENTITY = "iPhone Developer";
				COPY_PHASE_STRIP = NO;
				DEBUG_INFORMATION_FORMAT = dwarf;
				ENABLE_STRICT_OBJC_MSGSEND = YES;
				ENABLE_TESTABILITY = YES;
				GCC_C_LANGUAGE_STANDARD = gnu11;
				GCC_DYNAMIC_NO_PIC = NO;
				GCC_NO_COMMON_BLOCKS = YES;
				GCC_OPTIMIZATION_LEVEL = 0;
				GCC_PREPROCESSOR_DEFINITIONS = (
					"DEBUG=1",
					"$(inherited)",
				);
				GCC_WARN_64_TO_32_BIT_CONVERSION = YES;
				GCC_WARN_ABOUT_RETURN_TYPE = YES_ERROR;
				GCC_WARN_UNDECLARED_SELECTOR = YES;
				GCC_WARN_UNINITIALIZED_AUTOS = YES_AGGRESSIVE;
				GCC_WARN_UNUSED_FUNCTION = YES;
				GCC_WARN_UNUSED_VARIABLE = YES;
				IPHONEOS_DEPLOYMENT_TARGET = 12.2;
				MTL_ENABLE_DEBUG_INFO = INCLUDE_SOURCE;
				MTL_FAST_MATH = YES;
				ONLY_ACTIVE_ARCH = YES;
				SDKROOT = iphoneos;
				SWIFT_ACTIVE_COMPILATION_CONDITIONS = DEBUG;
				SWIFT_OPTIMIZATION_LEVEL = "-Onone";
			};
			name = Debug;
		};
		524D473622B153F5003504D9 /* Release */ = {
			isa = XCBuildConfiguration;
			buildSettings = {
				ALWAYS_SEARCH_USER_PATHS = NO;
				CLANG_ANALYZER_NONNULL = YES;
				CLANG_ANALYZER_NUMBER_OBJECT_CONVERSION = YES_AGGRESSIVE;
				CLANG_CXX_LANGUAGE_STANDARD = "gnu++14";
				CLANG_CXX_LIBRARY = "libc++";
				CLANG_ENABLE_MODULES = YES;
				CLANG_ENABLE_OBJC_ARC = YES;
				CLANG_ENABLE_OBJC_WEAK = YES;
				CLANG_WARN_BLOCK_CAPTURE_AUTORELEASING = YES;
				CLANG_WARN_BOOL_CONVERSION = YES;
				CLANG_WARN_COMMA = YES;
				CLANG_WARN_CONSTANT_CONVERSION = YES;
				CLANG_WARN_DEPRECATED_OBJC_IMPLEMENTATIONS = YES;
				CLANG_WARN_DIRECT_OBJC_ISA_USAGE = YES_ERROR;
				CLANG_WARN_DOCUMENTATION_COMMENTS = YES;
				CLANG_WARN_EMPTY_BODY = YES;
				CLANG_WARN_ENUM_CONVERSION = YES;
				CLANG_WARN_INFINITE_RECURSION = YES;
				CLANG_WARN_INT_CONVERSION = YES;
				CLANG_WARN_NON_LITERAL_NULL_CONVERSION = YES;
				CLANG_WARN_OBJC_IMPLICIT_RETAIN_SELF = YES;
				CLANG_WARN_OBJC_LITERAL_CONVERSION = YES;
				CLANG_WARN_OBJC_ROOT_CLASS = YES_ERROR;
				CLANG_WARN_RANGE_LOOP_ANALYSIS = YES;
				CLANG_WARN_STRICT_PROTOTYPES = YES;
				CLANG_WARN_SUSPICIOUS_MOVE = YES;
				CLANG_WARN_UNGUARDED_AVAILABILITY = YES_AGGRESSIVE;
				CLANG_WARN_UNREACHABLE_CODE = YES;
				CLANG_WARN__DUPLICATE_METHOD_MATCH = YES;
				CODE_SIGN_IDENTITY = "iPhone Developer";
				COPY_PHASE_STRIP = NO;
				DEBUG_INFORMATION_FORMAT = "dwarf-with-dsym";
				ENABLE_NS_ASSERTIONS = NO;
				ENABLE_STRICT_OBJC_MSGSEND = YES;
				GCC_C_LANGUAGE_STANDARD = gnu11;
				GCC_NO_COMMON_BLOCKS = YES;
				GCC_WARN_64_TO_32_BIT_CONVERSION = YES;
				GCC_WARN_ABOUT_RETURN_TYPE = YES_ERROR;
				GCC_WARN_UNDECLARED_SELECTOR = YES;
				GCC_WARN_UNINITIALIZED_AUTOS = YES_AGGRESSIVE;
				GCC_WARN_UNUSED_FUNCTION = YES;
				GCC_WARN_UNUSED_VARIABLE = YES;
				IPHONEOS_DEPLOYMENT_TARGET = 12.2;
				MTL_ENABLE_DEBUG_INFO = NO;
				MTL_FAST_MATH = YES;
				SDKROOT = iphoneos;
				SWIFT_COMPILATION_MODE = wholemodule;
				SWIFT_OPTIMIZATION_LEVEL = "-O";
				VALIDATE_PRODUCT = YES;
			};
			name = Release;
		};
		524D473822B153F5003504D9 /* Debug */ = {
			isa = XCBuildConfiguration;
			baseConfigurationReference = E4A53AD5377903B9387A3210 /* Pods-INC_Care.debug.xcconfig */;
			buildSettings = {
				ASSETCATALOG_COMPILER_APPICON_NAME = AppIcon;
				CODE_SIGN_ENTITLEMENTS = INC_Care/INC_Care.entitlements;
				CODE_SIGN_IDENTITY = "iPhone Developer";
				CODE_SIGN_STYLE = Manual;
				DEVELOPMENT_TEAM = 5RNY9HP895;
				INFOPLIST_FILE = INC_Care/Info.plist;
				LD_RUNPATH_SEARCH_PATHS = (
					"$(inherited)",
					"@executable_path/Frameworks",
				);
				PRODUCT_BUNDLE_IDENTIFIER = "com.boogeymen.INC-Care";
				PRODUCT_NAME = "$(TARGET_NAME)";
				PROVISIONING_PROFILE_SPECIFIER = INCCareApp;
				SWIFT_VERSION = 5.0;
				TARGETED_DEVICE_FAMILY = "1,2";
			};
			name = Debug;
		};
		524D473922B153F5003504D9 /* Release */ = {
			isa = XCBuildConfiguration;
			baseConfigurationReference = 11A9FE00885E19C20D2E23F1 /* Pods-INC_Care.release.xcconfig */;
			buildSettings = {
				ASSETCATALOG_COMPILER_APPICON_NAME = AppIcon;
				CODE_SIGN_ENTITLEMENTS = INC_Care/INC_Care.entitlements;
				CODE_SIGN_IDENTITY = "iPhone Developer";
				CODE_SIGN_STYLE = Manual;
				DEVELOPMENT_TEAM = 5RNY9HP895;
				INFOPLIST_FILE = INC_Care/Info.plist;
				LD_RUNPATH_SEARCH_PATHS = (
					"$(inherited)",
					"@executable_path/Frameworks",
				);
				PRODUCT_BUNDLE_IDENTIFIER = "com.boogeymen.INC-Care";
				PRODUCT_NAME = "$(TARGET_NAME)";
				PROVISIONING_PROFILE_SPECIFIER = INCCareApp;
				SWIFT_VERSION = 5.0;
				TARGETED_DEVICE_FAMILY = "1,2";
			};
			name = Release;
		};
/* End XCBuildConfiguration section */

/* Begin XCConfigurationList section */
		524D472022B153F4003504D9 /* Build configuration list for PBXProject "INC_Care" */ = {
			isa = XCConfigurationList;
			buildConfigurations = (
				524D473522B153F5003504D9 /* Debug */,
				524D473622B153F5003504D9 /* Release */,
			);
			defaultConfigurationIsVisible = 0;
			defaultConfigurationName = Release;
		};
		524D473722B153F5003504D9 /* Build configuration list for PBXNativeTarget "INC_Care" */ = {
			isa = XCConfigurationList;
			buildConfigurations = (
				524D473822B153F5003504D9 /* Debug */,
				524D473922B153F5003504D9 /* Release */,
			);
			defaultConfigurationIsVisible = 0;
			defaultConfigurationName = Release;
		};
/* End XCConfigurationList section */
	};
	rootObject = 524D471D22B153F4003504D9 /* Project object */;
}
